
Microsoft Visual Studio Solution File, Format Version 12.00
# Blend for Visual Studio 15
VisualStudioVersion = 15.0.26730.16
MinimumVisualStudioVersion = 10.0.40219.1
Project("{FAE04EC0-301F-11D3-BF4B-00C04F79EFBC}") = "Les2_Opgave3", "Les2_Opgave3\Les2_Opgave3.csproj", "{CEF21CEA-43CA-4491-AC45-E94004CDA939}"
EndProject
Global
	GlobalSection(SolutionConfigurationPlatforms) = preSolution
		Debug|Any CPU = Debug|Any CPU
		Release|Any CPU = Release|Any CPU
	EndGlobalSection
	GlobalSection(ProjectConfigurationPlatforms) = postSolution
		{CEF21CEA-43CA-4491-AC45-E94004CDA939}.Debug|Any CPU.ActiveCfg = Debug|Any CPU
		{CEF21CEA-43CA-4491-AC45-E94004CDA939}.Debug|Any CPU.Build.0 = Debug|Any CPU
		{CEF21CEA-43CA-4491-AC45-E94004CDA939}.Release|Any CPU.ActiveCfg = Release|Any CPU
		{CEF21CEA-43CA-4491-AC45-E94004CDA939}.Release|Any CPU.Build.0 = Release|Any CPU
	EndGlobalSection
	GlobalSection(SolutionProperties) = preSolution
		HideSolutionNode = FALSE
	EndGlobalSection
	GlobalSection(ExtensibilityGlobals) = postSolution
		SolutionGuid = {8A7A0984-110E-4D0E-97C4-9C3511FF651C}
	EndGlobalSection
EndGlobal
