
Microsoft Visual Studio Solution File, Format Version 12.00
# Visual Studio 15
VisualStudioVersion = 15.0.27130.2020
MinimumVisualStudioVersion = 10.0.40219.1
Project("{FAE04EC0-301F-11D3-BF4B-00C04F79EFBC}") = "Opgave 2", "Opgave 2\Opgave 2.csproj", "{54648C86-F797-4F5F-A05F-F14D7DCE9CE4}"
EndProject
Global
	GlobalSection(SolutionConfigurationPlatforms) = preSolution
		Debug|Any CPU = Debug|Any CPU
		Release|Any CPU = Release|Any CPU
	EndGlobalSection
	GlobalSection(ProjectConfigurationPlatforms) = postSolution
		{54648C86-F797-4F5F-A05F-F14D7DCE9CE4}.Debug|Any CPU.ActiveCfg = Debug|Any CPU
		{54648C86-F797-4F5F-A05F-F14D7DCE9CE4}.Debug|Any CPU.Build.0 = Debug|Any CPU
		{54648C86-F797-4F5F-A05F-F14D7DCE9CE4}.Release|Any CPU.ActiveCfg = Release|Any CPU
		{54648C86-F797-4F5F-A05F-F14D7DCE9CE4}.Release|Any CPU.Build.0 = Release|Any CPU
	EndGlobalSection
	GlobalSection(SolutionProperties) = preSolution
		HideSolutionNode = FALSE
	EndGlobalSection
	GlobalSection(ExtensibilityGlobals) = postSolution
		SolutionGuid = {B7696520-12D2-49CA-97CB-E83BE3374B9C}
	EndGlobalSection
EndGlobal
