
Microsoft Visual Studio Solution File, Format Version 12.00
# Visual Studio 15
VisualStudioVersion = 15.0.27004.2005
MinimumVisualStudioVersion = 10.0.40219.1
Project("{9A19103F-16F7-4668-BE54-9A1E7A4F7556}") = "Opgave1", "Les2_v2\Opgave1.csproj", "{B35A47D2-37E3-48A6-9A11-2A9A89D7787E}"
EndProject
Global
	GlobalSection(SolutionConfigurationPlatforms) = preSolution
		Debug|Any CPU = Debug|Any CPU
		Release|Any CPU = Release|Any CPU
	EndGlobalSection
	GlobalSection(ProjectConfigurationPlatforms) = postSolution
		{B35A47D2-37E3-48A6-9A11-2A9A89D7787E}.Debug|Any CPU.ActiveCfg = Debug|Any CPU
		{B35A47D2-37E3-48A6-9A11-2A9A89D7787E}.Debug|Any CPU.Build.0 = Debug|Any CPU
		{B35A47D2-37E3-48A6-9A11-2A9A89D7787E}.Release|Any CPU.ActiveCfg = Release|Any CPU
		{B35A47D2-37E3-48A6-9A11-2A9A89D7787E}.Release|Any CPU.Build.0 = Release|Any CPU
	EndGlobalSection
	GlobalSection(SolutionProperties) = preSolution
		HideSolutionNode = FALSE
	EndGlobalSection
	GlobalSection(ExtensibilityGlobals) = postSolution
		SolutionGuid = {BFFFA4F2-7A7B-4D9A-BC34-93CA77FB7832}
	EndGlobalSection
EndGlobal
