
Microsoft Visual Studio Solution File, Format Version 12.00
# Visual Studio 15
VisualStudioVersion = 15.0.26730.16
MinimumVisualStudioVersion = 10.0.40219.1
Project("{FAE04EC0-301F-11D3-BF4B-00C04F79EFBC}") = "Example1", "Example1\Example1.csproj", "{3ADA77BF-0CA5-4825-9859-03578CB14B90}"
EndProject
Global
	GlobalSection(SolutionConfigurationPlatforms) = preSolution
		Debug|Any CPU = Debug|Any CPU
		Release|Any CPU = Release|Any CPU
	EndGlobalSection
	GlobalSection(ProjectConfigurationPlatforms) = postSolution
		{3ADA77BF-0CA5-4825-9859-03578CB14B90}.Debug|Any CPU.ActiveCfg = Debug|Any CPU
		{3ADA77BF-0CA5-4825-9859-03578CB14B90}.Debug|Any CPU.Build.0 = Debug|Any CPU
		{3ADA77BF-0CA5-4825-9859-03578CB14B90}.Release|Any CPU.ActiveCfg = Release|Any CPU
		{3ADA77BF-0CA5-4825-9859-03578CB14B90}.Release|Any CPU.Build.0 = Release|Any CPU
	EndGlobalSection
	GlobalSection(SolutionProperties) = preSolution
		HideSolutionNode = FALSE
	EndGlobalSection
	GlobalSection(ExtensibilityGlobals) = postSolution
		SolutionGuid = {9E9F3A70-88A6-471C-B4C7-90AA94CED134}
	EndGlobalSection
EndGlobal
