
Microsoft Visual Studio Solution File, Format Version 12.00
# Visual Studio 15
VisualStudioVersion = 15.0.27004.2005
MinimumVisualStudioVersion = 10.0.40219.1
Project("{9A19103F-16F7-4668-BE54-9A1E7A4F7556}") = "Opgave2", "Les2_Opgave2\Opgave2.csproj", "{6F519127-568E-49EB-B713-0D7591F0AD85}"
EndProject
Global
	GlobalSection(SolutionConfigurationPlatforms) = preSolution
		Debug|Any CPU = Debug|Any CPU
		Release|Any CPU = Release|Any CPU
	EndGlobalSection
	GlobalSection(ProjectConfigurationPlatforms) = postSolution
		{6F519127-568E-49EB-B713-0D7591F0AD85}.Debug|Any CPU.ActiveCfg = Debug|Any CPU
		{6F519127-568E-49EB-B713-0D7591F0AD85}.Debug|Any CPU.Build.0 = Debug|Any CPU
		{6F519127-568E-49EB-B713-0D7591F0AD85}.Release|Any CPU.ActiveCfg = Release|Any CPU
		{6F519127-568E-49EB-B713-0D7591F0AD85}.Release|Any CPU.Build.0 = Release|Any CPU
	EndGlobalSection
	GlobalSection(SolutionProperties) = preSolution
		HideSolutionNode = FALSE
	EndGlobalSection
	GlobalSection(ExtensibilityGlobals) = postSolution
		SolutionGuid = {3B0943CE-8F9D-4030-AB69-FC0FB0F9645A}
	EndGlobalSection
EndGlobal
